
Microsoft Visual Studio Solution File, Format Version 12.00
# Visual Studio Version 17
VisualStudioVersion = 17.4.33213.308
MinimumVisualStudioVersion = 10.0.40219.1
Project("{9A19103F-16F7-4668-BE54-9A1E7A4F7556}") = "JwtAuthenticationManager", "JwtAuthenticationManager\JwtAuthenticationManager.csproj", "{C5C83EDF-E3A3-4D98-912A-C66857ECB742}"
EndProject
Project("{2150E333-8FDC-42A3-9474-1A3956D46DE8}") = "Microservices", "Microservices", "{7760BE13-32A6-4B44-BCAA-171CC7E408AB}"
EndProject
Project("{9A19103F-16F7-4668-BE54-9A1E7A4F7556}") = "AuthenticationApiService", "AuthenticationApiService\AuthenticationApiService.csproj", "{C7FB20C1-8F5B-4440-A352-761ED809C543}"
EndProject
Project("{2150E333-8FDC-42A3-9474-1A3956D46DE8}") = "Gateway", "Gateway", "{D58B0D9B-545F-43EB-BE30-609D89B11CEF}"
EndProject
Project("{9A19103F-16F7-4668-BE54-9A1E7A4F7556}") = "OcelotGateway", "OcelotGateway\OcelotGateway.csproj", "{F5474C2B-1B41-43A8-820D-E697EF58179C}"
EndProject
Project("{E53339B2-1760-4266-BCC7-CA923CBCF16C}") = "docker-compose", "docker-compose.dcproj", "{51D91D07-0AFC-451C-B1C0-F98D1A5B59C3}"
EndProject
Project("{2150E333-8FDC-42A3-9474-1A3956D46DE8}") = "ExpenseTracker", "ExpenseTracker", "{F4DD9C40-27BA-4A4B-BBE2-49459B957446}"
EndProject
Project("{9A19103F-16F7-4668-BE54-9A1E7A4F7556}") = "ExpenseTracker.API", "ExpenseTracker.API\ExpenseTracker.API.csproj", "{C714A48E-4B1A-4E36-97CE-DCCED31A1D90}"
EndProject
Project("{9A19103F-16F7-4668-BE54-9A1E7A4F7556}") = "ExpenseTracker.Domain", "ExpenseTracker.Domain\ExpenseTracker.Domain.csproj", "{37D6C376-7234-49BC-AC59-C856A525FAC8}"
EndProject
Project("{9A19103F-16F7-4668-BE54-9A1E7A4F7556}") = "ExpenseTracker.Infrastructure", "ExpenseTracker.Infrastructure\ExpenseTracker.Infrastructure.csproj", "{4699403C-0A1C-4797-9B7C-67905D6E9BC2}"
EndProject
Project("{2150E333-8FDC-42A3-9474-1A3956D46DE8}") = "Authentication", "Authentication", "{F6D5AED9-C9A3-45A1-94AC-C1D94302F66F}"
EndProject
Project("{9A19103F-16F7-4668-BE54-9A1E7A4F7556}") = "Authentication.Domain", "Authentication.Domain\Authentication.Domain.csproj", "{4E710707-CF84-483E-9708-663DC9D4E96E}"
EndProject
Project("{9A19103F-16F7-4668-BE54-9A1E7A4F7556}") = "Authentication.Infrastructure", "Authentication.Infrastructure\Authentication.Infrastructure.csproj", "{15090983-432F-486E-91E1-64B81285B760}"
EndProject
Project("{9A19103F-16F7-4668-BE54-9A1E7A4F7556}") = "Authentication.Application", "Authentication.Application\Authentication.Application.csproj", "{F1F9FAF6-8A5D-42E0-B0D4-576D8028C9C2}"
EndProject
Project("{9A19103F-16F7-4668-BE54-9A1E7A4F7556}") = "ExpenseTracker.Application", "ExpenseTracker.Application\ExpenseTracker.Application.csproj", "{DAFB9CB1-AA1C-4533-B290-CCA2DF85711B}"
EndProject
Project("{2150E333-8FDC-42A3-9474-1A3956D46DE8}") = "MessageBus", "MessageBus", "{DC679C80-121E-4204-BD42-758492A40B24}"
EndProject
Project("{9A19103F-16F7-4668-BE54-9A1E7A4F7556}") = "MessageBus", "MessageBus\MessageBus.csproj", "{65F0234E-9894-47CD-BBB1-239EECE07741}"
EndProject
Project("{2150E333-8FDC-42A3-9474-1A3956D46DE8}") = "FNS", "FNS", "{BBE3D45D-7C25-444F-95CC-1D600F799292}"
EndProject
Project("{9A19103F-16F7-4668-BE54-9A1E7A4F7556}") = "FNSApi", "FNSApi\FNSApi.csproj", "{4618FDA6-FBDD-447F-95B4-EE1A78FC9B2E}"
EndProject
Project("{2150E333-8FDC-42A3-9474-1A3956D46DE8}") = "Solution Items", "Solution Items", "{2052C39A-5896-4DC3-9A3E-5E5A023A38DB}"
	ProjectSection(SolutionItems) = preProject
		project-development.txt = project-development.txt
	EndProjectSection
EndProject
Project("{2150E333-8FDC-42A3-9474-1A3956D46DE8}") = "Microservices.Tests", "Microservices.Tests", "{BDAC152F-BD76-4283-BDD3-B04778F46193}"
EndProject
Project("{2150E333-8FDC-42A3-9474-1A3956D46DE8}") = "Authentication.Tests", "Authentication.Tests", "{605DA797-C993-451F-BE7B-45A9E79FE7F8}"
EndProject
Project("{2150E333-8FDC-42A3-9474-1A3956D46DE8}") = "ExpenseTracker.Tests", "ExpenseTracker.Tests", "{92357A1D-F310-4381-A65B-7F6ED18208F0}"
EndProject
Project("{9A19103F-16F7-4668-BE54-9A1E7A4F7556}") = "Authentication.Tests", "..\Authentication.Tests\Authentication.Tests.csproj", "{B5E5FBFA-B219-4ADA-A498-8233AACE0F1E}"
EndProject
Project("{FAE04EC0-301F-11D3-BF4B-00C04F79EFBC}") = "ExpenseTracker.Tests", "..\ExpenseTracker.Tests\ExpenseTracker.Tests.csproj", "{51430F55-CD73-4E46-89BD-1651277B82AF}"
EndProject
Global
	GlobalSection(SolutionConfigurationPlatforms) = preSolution
		Debug|Any CPU = Debug|Any CPU
		Release|Any CPU = Release|Any CPU
	EndGlobalSection
	GlobalSection(ProjectConfigurationPlatforms) = postSolution
		{C5C83EDF-E3A3-4D98-912A-C66857ECB742}.Debug|Any CPU.ActiveCfg = Debug|Any CPU
		{C5C83EDF-E3A3-4D98-912A-C66857ECB742}.Debug|Any CPU.Build.0 = Debug|Any CPU
		{C5C83EDF-E3A3-4D98-912A-C66857ECB742}.Release|Any CPU.ActiveCfg = Release|Any CPU
		{C5C83EDF-E3A3-4D98-912A-C66857ECB742}.Release|Any CPU.Build.0 = Release|Any CPU
		{C7FB20C1-8F5B-4440-A352-761ED809C543}.Debug|Any CPU.ActiveCfg = Debug|Any CPU
		{C7FB20C1-8F5B-4440-A352-761ED809C543}.Debug|Any CPU.Build.0 = Debug|Any CPU
		{C7FB20C1-8F5B-4440-A352-761ED809C543}.Release|Any CPU.ActiveCfg = Release|Any CPU
		{C7FB20C1-8F5B-4440-A352-761ED809C543}.Release|Any CPU.Build.0 = Release|Any CPU
		{F5474C2B-1B41-43A8-820D-E697EF58179C}.Debug|Any CPU.ActiveCfg = Debug|Any CPU
		{F5474C2B-1B41-43A8-820D-E697EF58179C}.Debug|Any CPU.Build.0 = Debug|Any CPU
		{F5474C2B-1B41-43A8-820D-E697EF58179C}.Release|Any CPU.ActiveCfg = Release|Any CPU
		{F5474C2B-1B41-43A8-820D-E697EF58179C}.Release|Any CPU.Build.0 = Release|Any CPU
		{51D91D07-0AFC-451C-B1C0-F98D1A5B59C3}.Debug|Any CPU.ActiveCfg = Debug|Any CPU
		{51D91D07-0AFC-451C-B1C0-F98D1A5B59C3}.Debug|Any CPU.Build.0 = Debug|Any CPU
		{51D91D07-0AFC-451C-B1C0-F98D1A5B59C3}.Release|Any CPU.ActiveCfg = Release|Any CPU
		{51D91D07-0AFC-451C-B1C0-F98D1A5B59C3}.Release|Any CPU.Build.0 = Release|Any CPU
		{C714A48E-4B1A-4E36-97CE-DCCED31A1D90}.Debug|Any CPU.ActiveCfg = Debug|Any CPU
		{C714A48E-4B1A-4E36-97CE-DCCED31A1D90}.Debug|Any CPU.Build.0 = Debug|Any CPU
		{C714A48E-4B1A-4E36-97CE-DCCED31A1D90}.Release|Any CPU.ActiveCfg = Release|Any CPU
		{C714A48E-4B1A-4E36-97CE-DCCED31A1D90}.Release|Any CPU.Build.0 = Release|Any CPU
		{37D6C376-7234-49BC-AC59-C856A525FAC8}.Debug|Any CPU.ActiveCfg = Debug|Any CPU
		{37D6C376-7234-49BC-AC59-C856A525FAC8}.Debug|Any CPU.Build.0 = Debug|Any CPU
		{37D6C376-7234-49BC-AC59-C856A525FAC8}.Release|Any CPU.ActiveCfg = Release|Any CPU
		{37D6C376-7234-49BC-AC59-C856A525FAC8}.Release|Any CPU.Build.0 = Release|Any CPU
		{4699403C-0A1C-4797-9B7C-67905D6E9BC2}.Debug|Any CPU.ActiveCfg = Debug|Any CPU
		{4699403C-0A1C-4797-9B7C-67905D6E9BC2}.Debug|Any CPU.Build.0 = Debug|Any CPU
		{4699403C-0A1C-4797-9B7C-67905D6E9BC2}.Release|Any CPU.ActiveCfg = Release|Any CPU
		{4699403C-0A1C-4797-9B7C-67905D6E9BC2}.Release|Any CPU.Build.0 = Release|Any CPU
		{4E710707-CF84-483E-9708-663DC9D4E96E}.Debug|Any CPU.ActiveCfg = Debug|Any CPU
		{4E710707-CF84-483E-9708-663DC9D4E96E}.Debug|Any CPU.Build.0 = Debug|Any CPU
		{4E710707-CF84-483E-9708-663DC9D4E96E}.Release|Any CPU.ActiveCfg = Release|Any CPU
		{4E710707-CF84-483E-9708-663DC9D4E96E}.Release|Any CPU.Build.0 = Release|Any CPU
		{15090983-432F-486E-91E1-64B81285B760}.Debug|Any CPU.ActiveCfg = Debug|Any CPU
		{15090983-432F-486E-91E1-64B81285B760}.Debug|Any CPU.Build.0 = Debug|Any CPU
		{15090983-432F-486E-91E1-64B81285B760}.Release|Any CPU.ActiveCfg = Release|Any CPU
		{15090983-432F-486E-91E1-64B81285B760}.Release|Any CPU.Build.0 = Release|Any CPU
		{F1F9FAF6-8A5D-42E0-B0D4-576D8028C9C2}.Debug|Any CPU.ActiveCfg = Debug|Any CPU
		{F1F9FAF6-8A5D-42E0-B0D4-576D8028C9C2}.Debug|Any CPU.Build.0 = Debug|Any CPU
		{F1F9FAF6-8A5D-42E0-B0D4-576D8028C9C2}.Release|Any CPU.ActiveCfg = Release|Any CPU
		{F1F9FAF6-8A5D-42E0-B0D4-576D8028C9C2}.Release|Any CPU.Build.0 = Release|Any CPU
		{DAFB9CB1-AA1C-4533-B290-CCA2DF85711B}.Debug|Any CPU.ActiveCfg = Debug|Any CPU
		{DAFB9CB1-AA1C-4533-B290-CCA2DF85711B}.Debug|Any CPU.Build.0 = Debug|Any CPU
		{DAFB9CB1-AA1C-4533-B290-CCA2DF85711B}.Release|Any CPU.ActiveCfg = Release|Any CPU
		{DAFB9CB1-AA1C-4533-B290-CCA2DF85711B}.Release|Any CPU.Build.0 = Release|Any CPU
		{65F0234E-9894-47CD-BBB1-239EECE07741}.Debug|Any CPU.ActiveCfg = Debug|Any CPU
		{65F0234E-9894-47CD-BBB1-239EECE07741}.Debug|Any CPU.Build.0 = Debug|Any CPU
		{65F0234E-9894-47CD-BBB1-239EECE07741}.Release|Any CPU.ActiveCfg = Release|Any CPU
		{65F0234E-9894-47CD-BBB1-239EECE07741}.Release|Any CPU.Build.0 = Release|Any CPU
		{4618FDA6-FBDD-447F-95B4-EE1A78FC9B2E}.Debug|Any CPU.ActiveCfg = Debug|Any CPU
		{4618FDA6-FBDD-447F-95B4-EE1A78FC9B2E}.Debug|Any CPU.Build.0 = Debug|Any CPU
		{4618FDA6-FBDD-447F-95B4-EE1A78FC9B2E}.Release|Any CPU.ActiveCfg = Release|Any CPU
		{4618FDA6-FBDD-447F-95B4-EE1A78FC9B2E}.Release|Any CPU.Build.0 = Release|Any CPU
		{B5E5FBFA-B219-4ADA-A498-8233AACE0F1E}.Debug|Any CPU.ActiveCfg = Debug|Any CPU
		{B5E5FBFA-B219-4ADA-A498-8233AACE0F1E}.Debug|Any CPU.Build.0 = Debug|Any CPU
		{B5E5FBFA-B219-4ADA-A498-8233AACE0F1E}.Release|Any CPU.ActiveCfg = Release|Any CPU
		{B5E5FBFA-B219-4ADA-A498-8233AACE0F1E}.Release|Any CPU.Build.0 = Release|Any CPU
		{51430F55-CD73-4E46-89BD-1651277B82AF}.Debug|Any CPU.ActiveCfg = Debug|Any CPU
		{51430F55-CD73-4E46-89BD-1651277B82AF}.Debug|Any CPU.Build.0 = Debug|Any CPU
		{51430F55-CD73-4E46-89BD-1651277B82AF}.Release|Any CPU.ActiveCfg = Release|Any CPU
		{51430F55-CD73-4E46-89BD-1651277B82AF}.Release|Any CPU.Build.0 = Release|Any CPU
	EndGlobalSection
	GlobalSection(SolutionProperties) = preSolution
		HideSolutionNode = FALSE
	EndGlobalSection
	GlobalSection(NestedProjects) = preSolution
		{C7FB20C1-8F5B-4440-A352-761ED809C543} = {F6D5AED9-C9A3-45A1-94AC-C1D94302F66F}
		{F5474C2B-1B41-43A8-820D-E697EF58179C} = {D58B0D9B-545F-43EB-BE30-609D89B11CEF}
		{F4DD9C40-27BA-4A4B-BBE2-49459B957446} = {7760BE13-32A6-4B44-BCAA-171CC7E408AB}
		{C714A48E-4B1A-4E36-97CE-DCCED31A1D90} = {F4DD9C40-27BA-4A4B-BBE2-49459B957446}
		{37D6C376-7234-49BC-AC59-C856A525FAC8} = {F4DD9C40-27BA-4A4B-BBE2-49459B957446}
		{4699403C-0A1C-4797-9B7C-67905D6E9BC2} = {F4DD9C40-27BA-4A4B-BBE2-49459B957446}
		{F6D5AED9-C9A3-45A1-94AC-C1D94302F66F} = {7760BE13-32A6-4B44-BCAA-171CC7E408AB}
		{4E710707-CF84-483E-9708-663DC9D4E96E} = {F6D5AED9-C9A3-45A1-94AC-C1D94302F66F}
		{15090983-432F-486E-91E1-64B81285B760} = {F6D5AED9-C9A3-45A1-94AC-C1D94302F66F}
		{F1F9FAF6-8A5D-42E0-B0D4-576D8028C9C2} = {F6D5AED9-C9A3-45A1-94AC-C1D94302F66F}
		{DAFB9CB1-AA1C-4533-B290-CCA2DF85711B} = {F4DD9C40-27BA-4A4B-BBE2-49459B957446}
		{65F0234E-9894-47CD-BBB1-239EECE07741} = {DC679C80-121E-4204-BD42-758492A40B24}
		{BBE3D45D-7C25-444F-95CC-1D600F799292} = {7760BE13-32A6-4B44-BCAA-171CC7E408AB}
		{4618FDA6-FBDD-447F-95B4-EE1A78FC9B2E} = {BBE3D45D-7C25-444F-95CC-1D600F799292}
		{605DA797-C993-451F-BE7B-45A9E79FE7F8} = {BDAC152F-BD76-4283-BDD3-B04778F46193}
		{92357A1D-F310-4381-A65B-7F6ED18208F0} = {BDAC152F-BD76-4283-BDD3-B04778F46193}
		{B5E5FBFA-B219-4ADA-A498-8233AACE0F1E} = {605DA797-C993-451F-BE7B-45A9E79FE7F8}
		{51430F55-CD73-4E46-89BD-1651277B82AF} = {92357A1D-F310-4381-A65B-7F6ED18208F0}
	EndGlobalSection
	GlobalSection(ExtensibilityGlobals) = postSolution
		SolutionGuid = {1F272840-F8DC-4009-8D20-AD362CC36BCB}
	EndGlobalSection
EndGlobal
